hash: 767ec12555c519f24c20acba2efaf18217f81527caa9cd5534ba9525c64c22ab
updated: 2017-03-12T21:14:36.739383793+09:00
imports:
- name: github.com/dgrijalva/jwt-go
  version: 2268707a8f0843315e2004ee4f1d021dc08baedf
- name: github.com/elazarl/go-bindata-assetfs
  version: 30f82fa23fd844bd5bb1e5f216db87fd77b5eb43
- name: github.com/labstack/echo
  version: 948d607539e92f3974d8f24951c8975d7342e24a
  subpackages:
  - middleware
- name: github.com/labstack/gommon
  version: e8995fb26e646187d33cff439b18609cfba23088
  subpackages:
  - bytes
  - color
  - log
  - random
- name: github.com/mattn/go-colorable
  version: acb9493f2794fd0f820de7a27a217dafbb1b65ea
- name: github.com/mattn/go-isatty
  version: 9622e0cc9d8f9be434ca605520ff9a16808fee47
- name: github.com/streadway/quantile
  version: b0c588724d25ae13f5afb3d90efec0edc636432b
- name: github.com/tsenart/vegeta
  version: 6c25889c3b6b6d22aa2a1edcb987b6846e44aa7d
  subpackages:
  - lib
- name: github.com/valyala/bytebufferpool
  version: e746df99fe4a3986f4d4f79e13c1e0117ce9c2f7
- name: github.com/valyala/fasttemplate
  version: dcecefd839c4193db0d35b88ec65b4c12d360ab0
- name: golang.org/x/crypto
  version: 40541ccb1c6e64c947ed6f606b8a6cb4b67d7436
  subpackages:
  - acme
  - acme/autocert
- name: golang.org/x/net
  version: b4690f45fa1cafc47b1c280c2e75116efe40cc13
  subpackages:
  - context
  - context/ctxhttp
  - http2
  - http2/hpack
  - idna
  - lex/httplex
- name: golang.org/x/sys
  version: e48874b42435b4347fc52bdee0424a52abc974d7
  subpackages:
  - unix
testImports: []
